# THIS IS AN AUTOGENERATED FILE. DO NOT EDIT THIS FILE DIRECTLY.
# yarn lockfile v1


"@babel/runtime@^7.12.5", "@babel/runtime@^7.14.0":
  version "7.20.7"
  resolved "https://registry.yarnpkg.com/@babel/runtime/-/runtime-7.20.7.tgz#fcb41a5a70550e04a7b708037c7c32f7f356d8fd"
  integrity sha512-UF0tvkUtxwAgZ5W/KrkHf0Rn0fdnLDU9ScxBrEVNUprE/MzirjK4MJUX1/BVDv00Sv8cljtukVK1aky++X1SjQ==
  dependencies:
    regenerator-runtime "^0.13.11"

"@cspotcode/source-map-support@^0.8.0":
  version "0.8.1"
  resolved "https://registry.yarnpkg.com/@cspotcode/source-map-support/-/source-map-support-0.8.1.tgz#00629c35a688e05a88b1cda684fb9d5e73f000a1"
  integrity sha512-IchNf6dN4tHoMFIn/7OE8LWZ19Y6q/67Bmf6vnGREv8RSbBVb9LPJxEcnwrcwX6ixSvaiGoomAUvu4YSxXrVgw==
  dependencies:
    "@jridgewell/trace-mapping" "0.3.9"

"@jridgewell/resolve-uri@^3.0.3":
  version "3.1.0"
  resolved "https://registry.yarnpkg.com/@jridgewell/resolve-uri/-/resolve-uri-3.1.0.tgz#2203b118c157721addfe69d47b70465463066d78"
  integrity sha512-F2msla3tad+Mfht5cJq7LSXcdudKTWCVYUgw6pLFOOHSTtZlj6SWNYAp+AhuqLmWdBO2X5hPrLcu8cVP8fy28w==

"@jridgewell/sourcemap-codec@^1.4.10":
  version "1.4.14"
  resolved "https://registry.yarnpkg.com/@jridgewell/sourcemap-codec/-/sourcemap-codec-1.4.14.tgz#add4c98d341472a289190b424efbdb096991bb24"
  integrity sha512-XPSJHWmi394fuUuzDnGz1wiKqWfo1yXecHQMRf2l6hztTO+nPru658AyDngaBe7isIxEkRsPR3FZh+s7iVa4Uw==

"@jridgewell/trace-mapping@0.3.9":
  version "0.3.9"
  resolved "https://registry.yarnpkg.com/@jridgewell/trace-mapping/-/trace-mapping-0.3.9.tgz#6534fd5933a53ba7cbf3a17615e273a0d1273ff9"
  integrity sha512-3Belt6tdc8bPgAtbcmdtNJlirVoTmEb5e2gC94PnkwEW9jI6CAHUeoG85tjWP5WquqfavoMtMwiG4P926ZKKuQ==
  dependencies:
    "@jridgewell/resolve-uri" "^3.0.3"
    "@jridgewell/sourcemap-codec" "^1.4.10"

"@tsconfig/node10@^1.0.7":
  version "1.0.9"
  resolved "https://registry.yarnpkg.com/@tsconfig/node10/-/node10-1.0.9.tgz#df4907fc07a886922637b15e02d4cebc4c0021b2"
  integrity sha512-jNsYVVxU8v5g43Erja32laIDHXeoNvFEpX33OK4d6hljo3jDhCBDhx5dhCCTMWUojscpAagGiRkBKxpdl9fxqA==

"@tsconfig/node12@^1.0.7":
  version "1.0.11"
  resolved "https://registry.yarnpkg.com/@tsconfig/node12/-/node12-1.0.11.tgz#ee3def1f27d9ed66dac6e46a295cffb0152e058d"
  integrity sha512-cqefuRsh12pWyGsIoBKJA9luFu3mRxCA+ORZvA4ktLSzIuCUtWVxGIuXigEwO5/ywWFMZ2QEGKWvkZG1zDMTag==

"@tsconfig/node14@^1.0.0":
  version "1.0.3"
  resolved "https://registry.yarnpkg.com/@tsconfig/node14/-/node14-1.0.3.tgz#e4386316284f00b98435bf40f72f75a09dabf6c1"
  integrity sha512-ysT8mhdixWK6Hw3i1V2AeRqZ5WfXg1G43mqoYlM2nc6388Fq5jcXyr5mRsqViLx/GJYdoL0bfXD8nmF+Zn/Iow==

"@tsconfig/node16@^1.0.2":
  version "1.0.3"
  resolved "https://registry.yarnpkg.com/@tsconfig/node16/-/node16-1.0.3.tgz#472eaab5f15c1ffdd7f8628bd4c4f753995ec79e"
  integrity sha512-yOlFc+7UtL/89t2ZhjPvvB/DeAr3r+Dq58IgzsFkOAvVC6NMJXmCGjbptdXdR9qsX7pKcTL+s87FtYREi2dEEQ==

"@types/node@^13.7.4":
  version "13.7.4"
  resolved "https://registry.yarnpkg.com/@types/node/-/node-13.7.4.tgz#76c3cb3a12909510f52e5dc04a6298cdf9504ffd"
  integrity sha512-oVeL12C6gQS/GAExndigSaLxTrKpQPxewx9bOcwfvJiJge4rr7wNaph4J+ns5hrmIV2as5qxqN8YKthn9qh0jw==

"@types/raf@^3.4.0":
  version "3.4.0"
  resolved "https://registry.yarnpkg.com/@types/raf/-/raf-3.4.0.tgz#2b72cbd55405e071f1c4d29992638e022b20acc2"
  integrity sha512-taW5/WYqo36N7V39oYyHP9Ipfd5pNFvGTIQsNGj86xV88YQ7GnI30/yMfKDF7Zgin0m3e+ikX88FvImnK4RjGw==

acorn-walk@^8.1.1:
  version "8.2.0"
  resolved "https://registry.yarnpkg.com/acorn-walk/-/acorn-walk-8.2.0.tgz#741210f2e2426454508853a2f44d0ab83b7f69c1"
  integrity sha512-k+iyHEuPgSw6SbuDpGQM+06HQUa04DZ3o+F6CSzXMvvI5KMvnaEqXe+YVe555R9nn6GPt404fos4wcgpw12SDA==

acorn@^8.4.1:
  version "8.8.1"
  resolved "https://registry.yarnpkg.com/acorn/-/acorn-8.8.1.tgz#0a3f9cbecc4ec3bea6f0a80b66ae8dd2da250b73"
  integrity sha512-7zFpHzhnqYKrkYdUjF1HI1bzd0VygEGX8lFk4k5zVMqHEoES+P+7TKI+EvLO9WVMJ8eekdO0aDEK044xTXwPPA==

arg@^4.1.0:
  version "4.1.3"
  resolved "https://registry.yarnpkg.com/arg/-/arg-4.1.3.tgz#269fc7ad5b8e42cb63c896d5666017261c144089"
  integrity sha512-58S9QDqG0Xx27YwPSt9fJxivjYl432YCwfDMfZ+71RAqUrZef7LrKQZ3LHLOwCS4FLNBplP533Zx895SeOCHvA==

atob@^2.1.2:
  version "2.1.2"
  resolved "https://registry.yarnpkg.com/atob/-/atob-2.1.2.tgz#6d9517eb9e030d2436666651e86bd9f6f13533c9"
  integrity sha512-Wm6ukoaOGJi/73p/cl2GvLjTI5JM1k/O14isD73YML8StrH/7/lRFgmg8nICZgD3bZZvjwCGxtMOD3wWNAu8cg==

base64-arraybuffer@^1.0.2:
  version "1.0.2"
  resolved "https://registry.yarnpkg.com/base64-arraybuffer/-/base64-arraybuffer-1.0.2.tgz#1c37589a7c4b0746e34bd1feb951da2df01c1bdc"
  integrity sha512-I3yl4r9QB5ZRY3XuJVEPfc2XhZO6YweFPI+UovAzn+8/hb3oJ6lnysaFcjVpkCPfVWFUDvoZ8kmVDP7WyRtYtQ==

btoa@^1.2.1:
  version "1.2.1"
  resolved "https://registry.yarnpkg.com/btoa/-/btoa-1.2.1.tgz#01a9909f8b2c93f6bf680ba26131eb30f7fa3d73"
  integrity sha512-SB4/MIGlsiVkMcHmT+pSmIPoNDoHg+7cMzmt3Uxt628MTz2487DKSqK/fuhFBrkuqrYv5UCEnACpF4dTFNKc/g==

canvg@^3.0.6:
  version "3.0.10"
  resolved "https://registry.yarnpkg.com/canvg/-/canvg-3.0.10.tgz#8e52a2d088b6ffa23ac78970b2a9eebfae0ef4b3"
  integrity sha512-qwR2FRNO9NlzTeKIPIKpnTY6fqwuYSequ8Ru8c0YkYU7U0oW+hLUvWadLvAu1Rl72OMNiFhoLu4f8eUjQ7l/+Q==
  dependencies:
    "@babel/runtime" "^7.12.5"
    "@types/raf" "^3.4.0"
    core-js "^3.8.3"
    raf "^3.4.1"
    regenerator-runtime "^0.13.7"
    rgbcolor "^1.0.1"
    stackblur-canvas "^2.0.0"
    svg-pathdata "^6.0.3"

core-js@^3.6.0, core-js@^3.8.3:
  version "3.27.1"
  resolved "https://registry.yarnpkg.com/core-js/-/core-js-3.27.1.tgz#23cc909b315a6bb4e418bf40a52758af2103ba46"
  integrity sha512-GutwJLBChfGCpwwhbYoqfv03LAfmiz7e7D/BNxzeMxwQf10GRSzqiOjx7AmtEk+heiD/JWmBuyBPgFtx0Sg1ww==

create-require@^1.1.0:
  version "1.1.1"
  resolved "https://registry.yarnpkg.com/create-require/-/create-require-1.1.1.tgz#c1d7e8f1e5f6cfc9ff65f9cd352d37348756c333"
  integrity sha512-dcKFX3jn0MpIaXjisoRvexIJVEKzaq7z2rZKxf+MSr9TkdmHmsU4m2lcLojrj/FHl8mk5VxMmYA+ftRkP/3oKQ==

css-line-break@^2.1.0:
  version "2.1.0"
  resolved "https://registry.yarnpkg.com/css-line-break/-/css-line-break-2.1.0.tgz#bfef660dfa6f5397ea54116bb3cb4873edbc4fa0"
  integrity sha512-FHcKFCZcAha3LwfVBhCQbW2nCNbkZXn7KVUJcsT5/P8YmfsVja0FMPJr0B903j/E69HUphKiV9iQArX8SDYA4w==
  dependencies:
    utrie "^1.0.2"

diff@^4.0.1:
  version "4.0.2"
  resolved "https://registry.yarnpkg.com/diff/-/diff-4.0.2.tgz#60f3aecb89d5fae520c11aa19efc2bb982aade7d"
  integrity sha512-58lmxKSA4BNyLz+HHMUzlOEpg09FV+ev6ZMe3vJihgdxzgcwZ8VoEEPmALCZG9LmqfVoNMMKpttIYTVG6uDY7A==

dompurify@^2.2.0:
  version "2.4.3"
  resolved "https://registry.yarnpkg.com/dompurify/-/dompurify-2.4.3.tgz#f4133af0e6a50297fc8874e2eaedc13a3c308c03"
  integrity sha512-q6QaLcakcRjebxjg8/+NP+h0rPfatOgOzc46Fst9VAA3jF2ApfKBNKMzdP4DYTqtUMXSCd5pRS/8Po/OmoCHZQ==

fflate@^0.4.8:
  version "0.4.8"
  resolved "https://registry.yarnpkg.com/fflate/-/fflate-0.4.8.tgz#f90b82aefbd8ac174213abb338bd7ef848f0f5ae"
  integrity sha512-FJqqoDBR00Mdj9ppamLa/Y7vxm+PRmNWA67N846RvsoYVMKB4q3y/de5PA7gUmRMYK/8CMz2GDZQmCRN1wBcWA==

html2canvas@^1.0.0-rc.5:
  version "1.4.1"
  resolved "https://registry.yarnpkg.com/html2canvas/-/html2canvas-1.4.1.tgz#7cef1888311b5011d507794a066041b14669a543"
  integrity sha512-fPU6BHNpsyIhr8yyMpTLLxAbkaK8ArIBcmZIRiBLiDhjeqvXolaEmDGmELFuX9I4xDcaKKcJl+TKZLqruBbmWA==
  dependencies:
    css-line-break "^2.1.0"
    text-segmentation "^1.0.3"

jspdf@^2.5.1:
  version "2.5.1"
  resolved "https://registry.yarnpkg.com/jspdf/-/jspdf-2.5.1.tgz#00c85250abf5447a05f3b32ab9935ab4a56592cc"
  integrity sha512-hXObxz7ZqoyhxET78+XR34Xu2qFGrJJ2I2bE5w4SM8eFaFEkW2xcGRVUss360fYelwRSid/jT078kbNvmoW0QA==
  dependencies:
    "@babel/runtime" "^7.14.0"
    atob "^2.1.2"
    btoa "^1.2.1"
    fflate "^0.4.8"
  optionalDependencies:
    canvg "^3.0.6"
    core-js "^3.6.0"
    dompurify "^2.2.0"
    html2canvas "^1.0.0-rc.5"

luxon-date@^1.5.1:
  version "1.5.1"
  resolved "https://registry.yarnpkg.com/luxon-date/-/luxon-date-1.5.1.tgz#7d0e0072a4f743509e90e8c18492eaff64e928a5"
  integrity sha512-n8U0QsGyJ+Hc64T9QT+pVcwCl0/Klo6/TUiqCz1YavJPaUONupOIRdJVF/K32j1Fs1ktPtO1vJjTpgs2M6vLSA==

luxon@^1.22.0:
  version "1.22.0"
  resolved "https://registry.yarnpkg.com/luxon/-/luxon-1.22.0.tgz#639525c7c69e594953c7b142794466b8ea85b868"
  integrity sha512-3sLvlfbFo+AxVEY3IqxymbumtnlgBwjDExxK60W3d+trrUzErNAz/PfvPT+mva+vEUrdIodeCOs7fB6zHtRSrw==

make-error@^1.1.1:
  version "1.3.6"
  resolved "https://registry.yarnpkg.com/make-error/-/make-error-1.3.6.tgz#2eb2e37ea9b67c4891f684a1394799af484cf7a2"
  integrity sha512-s8UhlNe7vPKomQhC1qFelMokr/Sc3AgNbso3n74mVPA5LTZwkB9NlXf4XPamLxJE8h0gh73rM94xvwRT2CVInw==

moment@^2.24.0:
  version "2.24.0"
  resolved "https://registry.yarnpkg.com/moment/-/moment-2.24.0.tgz#0d055d53f5052aa653c9f6eb68bb5d12bf5c2b5b"
  integrity sha512-bV7f+6l2QigeBBZSM/6yTNq4P2fNpSWj/0e7jQcy87A8e7o2nAfP/34/2ky5Vw4B9S446EtIhodAzkFCcR4dQg==

performance-now@^2.1.0:
  version "2.1.0"
  resolved "https://registry.yarnpkg.com/performance-now/-/performance-now-2.1.0.tgz#6309f4e0e5fa913ec1c69307ae364b4b377c9e7b"
  integrity sha1-Ywn04OX6kT7BxpMHrjZLSzd8nns=

raf@^3.4.1:
  version "3.4.1"
  resolved "https://registry.yarnpkg.com/raf/-/raf-3.4.1.tgz#0742e99a4a6552f445d73e3ee0328af0ff1ede39"
  integrity sha512-Sq4CW4QhwOHE8ucn6J34MqtZCeWFP2aQSmrlroYgqAV1PjStIhJXxYuTgUIfkEk7zTLjmIjLmU5q+fbD1NnOJA==
  dependencies:
    performance-now "^2.1.0"

regenerator-runtime@^0.13.11, regenerator-runtime@^0.13.7:
  version "0.13.11"
  resolved "https://registry.yarnpkg.com/regenerator-runtime/-/regenerator-runtime-0.13.11.tgz#f6dca3e7ceec20590d07ada785636a90cdca17f9"
  integrity sha512-kY1AZVr2Ra+t+piVaJ4gxaFaReZVH40AKNo7UCX6W+dEwBo/2oZJzqfuN1qLq1oL45o56cPaTXELwrTh8Fpggg==

rgbcolor@^1.0.1:
  version "1.0.1"
  resolved "https://registry.yarnpkg.com/rgbcolor/-/rgbcolor-1.0.1.tgz#d6505ecdb304a6595da26fa4b43307306775945d"
  integrity sha1-1lBezbMEplldom+ktDMHMGd1lF0=

stackblur-canvas@^2.0.0:
  version "2.5.0"
  resolved "https://registry.yarnpkg.com/stackblur-canvas/-/stackblur-canvas-2.5.0.tgz#aa87bbed1560fdcd3138fff344fc6a1c413ebac4"
  integrity sha512-EeNzTVfj+1In7aSLPKDD03F/ly4RxEuF/EX0YcOG0cKoPXs+SLZxDawQbexQDBzwROs4VKLWTOaZQlZkGBFEIQ==

svg-pathdata@^6.0.3:
  version "6.0.3"
  resolved "https://registry.yarnpkg.com/svg-pathdata/-/svg-pathdata-6.0.3.tgz#80b0e0283b652ccbafb69ad4f8f73e8d3fbf2cac"
  integrity sha512-qsjeeq5YjBZ5eMdFuUa4ZosMLxgr5RZ+F+Y1OrDhuOCEInRMA3x74XdBtggJcj9kOeInz0WE+LgCPDkZFlBYJw==

text-segmentation@^1.0.3:
  version "1.0.3"
  resolved "https://registry.yarnpkg.com/text-segmentation/-/text-segmentation-1.0.3.tgz#52a388159efffe746b24a63ba311b6ac9f2d7943"
  integrity sha512-iOiPUo/BGnZ6+54OsWxZidGCsdU8YbE4PSpdPinp7DeMtUJNJBoJ/ouUSTJjHkh1KntHaltHl/gDs2FC4i5+Nw==
  dependencies:
    utrie "^1.0.2"

ts-node@^10.9.1:
  version "10.9.1"
  resolved "https://registry.yarnpkg.com/ts-node/-/ts-node-10.9.1.tgz#e73de9102958af9e1f0b168a6ff320e25adcff4b"
  integrity sha512-NtVysVPkxxrwFGUUxGYhfux8k78pQB3JqYBXlLRZgdGUqTO5wU/UyHop5p70iEbGhB7q5KmiZiU0Y3KlJrScEw==
  dependencies:
    "@cspotcode/source-map-support" "^0.8.0"
    "@tsconfig/node10" "^1.0.7"
    "@tsconfig/node12" "^1.0.7"
    "@tsconfig/node14" "^1.0.0"
    "@tsconfig/node16" "^1.0.2"
    acorn "^8.4.1"
    acorn-walk "^8.1.1"
    arg "^4.1.0"
    create-require "^1.1.0"
    diff "^4.0.1"
    make-error "^1.1.1"
    v8-compile-cache-lib "^3.0.1"
    yn "3.1.1"

typescript@^3.8.2:
  version "3.8.2"
  resolved "https://registry.yarnpkg.com/typescript/-/typescript-3.8.2.tgz#91d6868aaead7da74f493c553aeff76c0c0b1d5a"
  integrity sha512-EgOVgL/4xfVrCMbhYKUQTdF37SQn4Iw73H5BgCrF1Abdun7Kwy/QZsE/ssAy0y4LxBbvua3PIbFsbRczWWnDdQ==

utrie@^1.0.2:
  version "1.0.2"
  resolved "https://registry.yarnpkg.com/utrie/-/utrie-1.0.2.tgz#d42fe44de9bc0119c25de7f564a6ed1b2c87a645"
  integrity sha512-1MLa5ouZiOmQzUbjbu9VmjLzn1QLXBhwpUa7kdLUQK+KQ5KA9I1vk5U4YHe/X2Ch7PYnJfWuWT+VbuxbGwljhw==
  dependencies:
    base64-arraybuffer "^1.0.2"

v8-compile-cache-lib@^3.0.1:
  version "3.0.1"
  resolved "https://registry.yarnpkg.com/v8-compile-cache-lib/-/v8-compile-cache-lib-3.0.1.tgz#6336e8d71965cb3d35a1bbb7868445a7c05264bf"
  integrity sha512-wa7YjyUGfNZngI/vtK0UHAN+lgDCxBPCylVXGp0zu59Fz5aiGtNXaq3DhIov063MorB+VfufLh3JlF2KdTK3xg==

yn@3.1.1:
  version "3.1.1"
  resolved "https://registry.yarnpkg.com/yn/-/yn-3.1.1.tgz#1e87401a09d767c1d5eab26a6e4c185182d2eb50"
  integrity sha512-Ux4ygGWsu2c7isFWe8Yu1YluJmqVhxqK2cLXNQA5AcC3QfbGNpM7fu0Y8b/z16pXLnFxZYvWhd3fhBY9DLmC6Q==
